
Microsoft Visual Studio Solution File, Format Version 12.00
# Visual Studio 15
VisualStudioVersion = 15.0.28307.757
MinimumVisualStudioVersion = 10.0.40219.1
Project("{FAE04EC0-301F-11D3-BF4B-00C04F79EFBC}") = "MvcParentDirectory", "MvcParentDirectory\MvcParentDirectory.csproj", "{778A995A-CD1D-49DE-8E0C-A16E5CA8E044}"
EndProject
Global
	GlobalSection(SolutionConfigurationPlatforms) = preSolution
		Debug|Any CPU = Debug|Any CPU
		Release|Any CPU = Release|Any CPU
	EndGlobalSection
	GlobalSection(ProjectConfigurationPlatforms) = postSolution
		{778A995A-CD1D-49DE-8E0C-A16E5CA8E044}.Debug|Any CPU.ActiveCfg = Debug|Any CPU
		{778A995A-CD1D-49DE-8E0C-A16E5CA8E044}.Debug|Any CPU.Build.0 = Debug|Any CPU
		{778A995A-CD1D-49DE-8E0C-A16E5CA8E044}.Release|Any CPU.ActiveCfg = Release|Any CPU
		{778A995A-CD1D-49DE-8E0C-A16E5CA8E044}.Release|Any CPU.Build.0 = Release|Any CPU
	EndGlobalSection
	GlobalSection(SolutionProperties) = preSolution
		HideSolutionNode = FALSE
	EndGlobalSection
	GlobalSection(ExtensibilityGlobals) = postSolution
		SolutionGuid = {E592C77A-B433-4E6C-A51B-21E190619AB1}
	EndGlobalSection
EndGlobal
